
Microsoft Visual Studio Solution File, Format Version 12.00
# Visual Studio Version 16
VisualStudioVersion = 16.0.29905.134
MinimumVisualStudioVersion = 15.0.26124.0
Project("{9A19103F-16F7-4668-BE54-9A1E7A4F7556}") = "My.Redis", "My.Redis\My.Redis.csproj", "{AA978C4B-A643-42A5-85CD-AC49083BFA09}"
EndProject
Project("{9A19103F-16F7-4668-BE54-9A1E7A4F7556}") = "Redis.Helper", "Redis.Helper\Redis.Helper.csproj", "{A7EBFB0F-7FCB-4C95-AC5A-C7EFFAA5A51A}"
EndProject
Project("{9A19103F-16F7-4668-BE54-9A1E7A4F7556}") = "RedisDemo", "RedisDemo\RedisDemo.csproj", "{12A00F48-F2CE-48AE-8BC6-0DF7DA0DDED8}"
EndProject
Project("{FAE04EC0-301F-11D3-BF4B-00C04F79EFBC}") = "Asp.net Core Redis", "Asp.net Core Redis\Asp.net Core Redis.csproj", "{3486FE40-6A2B-4B69-AF71-C0CB1FD0D497}"
EndProject
Project("{FAE04EC0-301F-11D3-BF4B-00C04F79EFBC}") = "RedisService", "RedisService\RedisService.csproj", "{A3241489-826B-4D16-A5BB-DDB01FB6DD0F}"
EndProject
Global
	GlobalSection(SolutionConfigurationPlatforms) = preSolution
		Debug|Any CPU = Debug|Any CPU
		Debug|x64 = Debug|x64
		Debug|x86 = Debug|x86
		Release|Any CPU = Release|Any CPU
		Release|x64 = Release|x64
		Release|x86 = Release|x86
	EndGlobalSection
	GlobalSection(ProjectConfigurationPlatforms) = postSolution
		{AA978C4B-A643-42A5-85CD-AC49083BFA09}.Debug|Any CPU.ActiveCfg = Debug|Any CPU
		{AA978C4B-A643-42A5-85CD-AC49083BFA09}.Debug|Any CPU.Build.0 = Debug|Any CPU
		{AA978C4B-A643-42A5-85CD-AC49083BFA09}.Debug|x64.ActiveCfg = Debug|Any CPU
		{AA978C4B-A643-42A5-85CD-AC49083BFA09}.Debug|x64.Build.0 = Debug|Any CPU
		{AA978C4B-A643-42A5-85CD-AC49083BFA09}.Debug|x86.ActiveCfg = Debug|Any CPU
		{AA978C4B-A643-42A5-85CD-AC49083BFA09}.Debug|x86.Build.0 = Debug|Any CPU
		{AA978C4B-A643-42A5-85CD-AC49083BFA09}.Release|Any CPU.ActiveCfg = Release|Any CPU
		{AA978C4B-A643-42A5-85CD-AC49083BFA09}.Release|Any CPU.Build.0 = Release|Any CPU
		{AA978C4B-A643-42A5-85CD-AC49083BFA09}.Release|x64.ActiveCfg = Release|Any CPU
		{AA978C4B-A643-42A5-85CD-AC49083BFA09}.Release|x64.Build.0 = Release|Any CPU
		{AA978C4B-A643-42A5-85CD-AC49083BFA09}.Release|x86.ActiveCfg = Release|Any CPU
		{AA978C4B-A643-42A5-85CD-AC49083BFA09}.Release|x86.Build.0 = Release|Any CPU
		{A7EBFB0F-7FCB-4C95-AC5A-C7EFFAA5A51A}.Debug|Any CPU.ActiveCfg = Debug|Any CPU
		{A7EBFB0F-7FCB-4C95-AC5A-C7EFFAA5A51A}.Debug|Any CPU.Build.0 = Debug|Any CPU
		{A7EBFB0F-7FCB-4C95-AC5A-C7EFFAA5A51A}.Debug|x64.ActiveCfg = Debug|Any CPU
		{A7EBFB0F-7FCB-4C95-AC5A-C7EFFAA5A51A}.Debug|x64.Build.0 = Debug|Any CPU
		{A7EBFB0F-7FCB-4C95-AC5A-C7EFFAA5A51A}.Debug|x86.ActiveCfg = Debug|Any CPU
		{A7EBFB0F-7FCB-4C95-AC5A-C7EFFAA5A51A}.Debug|x86.Build.0 = Debug|Any CPU
		{A7EBFB0F-7FCB-4C95-AC5A-C7EFFAA5A51A}.Release|Any CPU.ActiveCfg = Release|Any CPU
		{A7EBFB0F-7FCB-4C95-AC5A-C7EFFAA5A51A}.Release|Any CPU.Build.0 = Release|Any CPU
		{A7EBFB0F-7FCB-4C95-AC5A-C7EFFAA5A51A}.Release|x64.ActiveCfg = Release|Any CPU
		{A7EBFB0F-7FCB-4C95-AC5A-C7EFFAA5A51A}.Release|x64.Build.0 = Release|Any CPU
		{A7EBFB0F-7FCB-4C95-AC5A-C7EFFAA5A51A}.Release|x86.ActiveCfg = Release|Any CPU
		{A7EBFB0F-7FCB-4C95-AC5A-C7EFFAA5A51A}.Release|x86.Build.0 = Release|Any CPU
		{12A00F48-F2CE-48AE-8BC6-0DF7DA0DDED8}.Debug|Any CPU.ActiveCfg = Debug|Any CPU
		{12A00F48-F2CE-48AE-8BC6-0DF7DA0DDED8}.Debug|Any CPU.Build.0 = Debug|Any CPU
		{12A00F48-F2CE-48AE-8BC6-0DF7DA0DDED8}.Debug|x64.ActiveCfg = Debug|Any CPU
		{12A00F48-F2CE-48AE-8BC6-0DF7DA0DDED8}.Debug|x64.Build.0 = Debug|Any CPU
		{12A00F48-F2CE-48AE-8BC6-0DF7DA0DDED8}.Debug|x86.ActiveCfg = Debug|Any CPU
		{12A00F48-F2CE-48AE-8BC6-0DF7DA0DDED8}.Debug|x86.Build.0 = Debug|Any CPU
		{12A00F48-F2CE-48AE-8BC6-0DF7DA0DDED8}.Release|Any CPU.ActiveCfg = Release|Any CPU
		{12A00F48-F2CE-48AE-8BC6-0DF7DA0DDED8}.Release|Any CPU.Build.0 = Release|Any CPU
		{12A00F48-F2CE-48AE-8BC6-0DF7DA0DDED8}.Release|x64.ActiveCfg = Release|Any CPU
		{12A00F48-F2CE-48AE-8BC6-0DF7DA0DDED8}.Release|x64.Build.0 = Release|Any CPU
		{12A00F48-F2CE-48AE-8BC6-0DF7DA0DDED8}.Release|x86.ActiveCfg = Release|Any CPU
		{12A00F48-F2CE-48AE-8BC6-0DF7DA0DDED8}.Release|x86.Build.0 = Release|Any CPU
		{3486FE40-6A2B-4B69-AF71-C0CB1FD0D497}.Debug|Any CPU.ActiveCfg = Debug|Any CPU
		{3486FE40-6A2B-4B69-AF71-C0CB1FD0D497}.Debug|Any CPU.Build.0 = Debug|Any CPU
		{3486FE40-6A2B-4B69-AF71-C0CB1FD0D497}.Debug|x64.ActiveCfg = Debug|Any CPU
		{3486FE40-6A2B-4B69-AF71-C0CB1FD0D497}.Debug|x64.Build.0 = Debug|Any CPU
		{3486FE40-6A2B-4B69-AF71-C0CB1FD0D497}.Debug|x86.ActiveCfg = Debug|Any CPU
		{3486FE40-6A2B-4B69-AF71-C0CB1FD0D497}.Debug|x86.Build.0 = Debug|Any CPU
		{3486FE40-6A2B-4B69-AF71-C0CB1FD0D497}.Release|Any CPU.ActiveCfg = Release|Any CPU
		{3486FE40-6A2B-4B69-AF71-C0CB1FD0D497}.Release|Any CPU.Build.0 = Release|Any CPU
		{3486FE40-6A2B-4B69-AF71-C0CB1FD0D497}.Release|x64.ActiveCfg = Release|Any CPU
		{3486FE40-6A2B-4B69-AF71-C0CB1FD0D497}.Release|x64.Build.0 = Release|Any CPU
		{3486FE40-6A2B-4B69-AF71-C0CB1FD0D497}.Release|x86.ActiveCfg = Release|Any CPU
		{3486FE40-6A2B-4B69-AF71-C0CB1FD0D497}.Release|x86.Build.0 = Release|Any CPU
		{A3241489-826B-4D16-A5BB-DDB01FB6DD0F}.Debug|Any CPU.ActiveCfg = Debug|Any CPU
		{A3241489-826B-4D16-A5BB-DDB01FB6DD0F}.Debug|Any CPU.Build.0 = Debug|Any CPU
		{A3241489-826B-4D16-A5BB-DDB01FB6DD0F}.Debug|x64.ActiveCfg = Debug|Any CPU
		{A3241489-826B-4D16-A5BB-DDB01FB6DD0F}.Debug|x64.Build.0 = Debug|Any CPU
		{A3241489-826B-4D16-A5BB-DDB01FB6DD0F}.Debug|x86.ActiveCfg = Debug|Any CPU
		{A3241489-826B-4D16-A5BB-DDB01FB6DD0F}.Debug|x86.Build.0 = Debug|Any CPU
		{A3241489-826B-4D16-A5BB-DDB01FB6DD0F}.Release|Any CPU.ActiveCfg = Release|Any CPU
		{A3241489-826B-4D16-A5BB-DDB01FB6DD0F}.Release|Any CPU.Build.0 = Release|Any CPU
		{A3241489-826B-4D16-A5BB-DDB01FB6DD0F}.Release|x64.ActiveCfg = Release|Any CPU
		{A3241489-826B-4D16-A5BB-DDB01FB6DD0F}.Release|x64.Build.0 = Release|Any CPU
		{A3241489-826B-4D16-A5BB-DDB01FB6DD0F}.Release|x86.ActiveCfg = Release|Any CPU
		{A3241489-826B-4D16-A5BB-DDB01FB6DD0F}.Release|x86.Build.0 = Release|Any CPU
	EndGlobalSection
	GlobalSection(SolutionProperties) = preSolution
		HideSolutionNode = FALSE
	EndGlobalSection
	GlobalSection(ExtensibilityGlobals) = postSolution
		SolutionGuid = {F7C7C048-9AF5-4E06-999F-ADE8FE18AA6F}
	EndGlobalSection
EndGlobal
